
Microsoft Visual Studio Solution File, Format Version 12.00
# Visual Studio 2012
Project("{FAE04EC0-301F-11D3-BF4B-00C04F79EFBC}") = "PatternsUI", "Patterns\PatternsUI.csproj", "{93FED12A-F241-40BD-8398-269F0516F81B}"
EndProject
Project("{FAE04EC0-301F-11D3-BF4B-00C04F79EFBC}") = "PatternsLib", "PatternsLib\PatternsLib.csproj", "{61C579BD-7B3B-4101-A3F2-3EDEBDA85FC2}"
EndProject
Global
	GlobalSection(SolutionConfigurationPlatforms) = preSolution
		Debug|Any CPU = Debug|Any CPU
		Release|Any CPU = Release|Any CPU
	EndGlobalSection
	GlobalSection(ProjectConfigurationPlatforms) = postSolution
		{93FED12A-F241-40BD-8398-269F0516F81B}.Debug|Any CPU.ActiveCfg = Debug|Any CPU
		{93FED12A-F241-40BD-8398-269F0516F81B}.Debug|Any CPU.Build.0 = Debug|Any CPU
		{93FED12A-F241-40BD-8398-269F0516F81B}.Release|Any CPU.ActiveCfg = Release|Any CPU
		{93FED12A-F241-40BD-8398-269F0516F81B}.Release|Any CPU.Build.0 = Release|Any CPU
		{61C579BD-7B3B-4101-A3F2-3EDEBDA85FC2}.Debug|Any CPU.ActiveCfg = Debug|Any CPU
		{61C579BD-7B3B-4101-A3F2-3EDEBDA85FC2}.Debug|Any CPU.Build.0 = Debug|Any CPU
		{61C579BD-7B3B-4101-A3F2-3EDEBDA85FC2}.Release|Any CPU.ActiveCfg = Release|Any CPU
		{61C579BD-7B3B-4101-A3F2-3EDEBDA85FC2}.Release|Any CPU.Build.0 = Release|Any CPU
	EndGlobalSection
	GlobalSection(SolutionProperties) = preSolution
		HideSolutionNode = FALSE
	EndGlobalSection
EndGlobal
